<?xml version="1.0" encoding="UTF-8" standalone="yes" ?>
<CodeBlocks_project_file>
	<FileVersion major="1" minor="6" />
	<Project>
		<Option title="aplikacja" />
		<Option pch_mode="2" />
		<Option compiler="gcc" />
		<Build>
			<Target title="Debug">
				<Option output="bin/Debug/aplikacja" prefix_auto="1" extension_auto="1" />
				<Option object_output="obj/Debug/" />
				<Option type="1" />
				<Option compiler="gcc" />
				<Compiler>
					<Add option="-g" />
					<Add directory="include" />
				</Compiler>
			</Target>
			<Target title="Release">
				<Option output="bin/Release/aplikacja" prefix_auto="1" extension_auto="1" />
				<Option object_output="obj/Release/" />
				<Option type="1" />
				<Option compiler="gcc" />
				<Compiler>
					<Add option="-O2" />
					<Add directory="include" />
				</Compiler>
				<Linker>
					<Add option="-s" />
				</Linker>
			</Target>
		</Build>
		<Compiler>
			<Add option="-Wall" />
			<Add option="-fexceptions" />
		</Compiler>
		<Unit filename="include/Inne.h" />
		<Unit filename="include/Jedzenie.h" />
		<Unit filename="include/Lodowka.h" />
		<Unit filename="include/Mieso.h" />
		<Unit filename="include/Nabial.h" />
		<Unit filename="include/Zawarosc.h" />
		<Unit filename="main.cpp" />
		<Unit filename="src/Inne.cpp" />
		<Unit filename="src/Jedzenie.cpp" />
		<Unit filename="src/Lodowka.cpp" />
		<Unit filename="src/Mieso.cpp" />
		<Unit filename="src/Nabial.cpp" />
		<Unit filename="src/Zawarosc.cpp" />
		<Extensions>
			<code_completion />
			<envvars />
			<debugger />
		</Extensions>
	</Project>
</CodeBlocks_project_file>
